// !$*UTF8*$!
{
	archiveVersion = 1;
	classes = {
	};
	objectVersion = 48;
	objects = {

/* Begin PBXBuildFile section */
		AC2D457B1F1C9D4200592918 /* AppDelegate.swift in Sources */ = {isa = PBXBuildFile; fileRef = AC2D457A1F1C9D4200592918 /* AppDelegate.swift */; };
		AC2D457D1F1CA52A00592918 /* Strings.swift in Sources */ = {isa = PBXBuildFile; fileRef = AC2D457C1F1CA52A00592918 /* Strings.swift */; };
		AC2D457F1F1CB00700592918 /* Viewer.swift in Sources */ = {isa = PBXBuildFile; fileRef = AC2D457E1F1CB00700592918 /* Viewer.swift */; };
		AC2D45811F1CBA4700592918 /* InfoDetail.swift in Sources */ = {isa = PBXBuildFile; fileRef = AC2D45801F1CBA4700592918 /* InfoDetail.swift */; };
		AC2D45851F1CED0B00592918 /* SearchView.swift in Sources */ = {isa = PBXBuildFile; fileRef = AC2D45841F1CED0B00592918 /* SearchView.swift */; };
		AC2D45871F1DCCD400592918 /* SearchList.swift in Sources */ = {isa = PBXBuildFile; fileRef = AC2D45861F1DCCD400592918 /* SearchList.swift */; };
		AC2D45891F1E004000592918 /* mainMenu.swift in Sources */ = {isa = PBXBuildFile; fileRef = AC2D45881F1E004000592918 /* mainMenu.swift */; };
		AC2D458B1F1E03CE00592918 /* FavoritesView.swift in Sources */ = {isa = PBXBuildFile; fileRef = AC2D458A1F1E03CE00592918 /* FavoritesView.swift */; };
		AC2D458D1F1FB05B00592918 /* Launch Screen.storyboard in Resources */ = {isa = PBXBuildFile; fileRef = AC2D458C1F1FB05B00592918 /* Launch Screen.storyboard */; };
		AC47EF2E1F24DE9400A19F3D /* Language.plist in Resources */ = {isa = PBXBuildFile; fileRef = AC47EF301F24DE9400A19F3D /* Language.plist */; };
		ACA8308F1EEEE5D8000393EF /* Main.storyboard in Resources */ = {isa = PBXBuildFile; fileRef = ACA8308C1EEEE5D8000393EF /* Main.storyboard */; };
		ACA830971EEEE5E7000393EF /* Localizable.strings in Resources */ = {isa = PBXBuildFile; fileRef = ACA830921EEEE5E7000393EF /* Localizable.strings */; };
		ACF507351EF1A0AA00D2608F /* Image.xcassets in Resources */ = {isa = PBXBuildFile; fileRef = ACF507341EF1A0AA00D2608F /* Image.xcassets */; };
/* End PBXBuildFile section */

/* Begin PBXFileReference section */
		AC19FBF11F127409006A42BC /* ja */ = {isa = PBXFileReference; lastKnownFileType = text.plist.strings; name = ja; path = HClient/ja.lproj/Main.strings; sourceTree = "<group>"; };
		AC19FBF41F12743D006A42BC /* ko */ = {isa = PBXFileReference; lastKnownFileType = text.plist.strings; name = ko; path = HClient/ko.lproj/Main.strings; sourceTree = "<group>"; };
		AC2D45761F1C9A8800592918 /* en */ = {isa = PBXFileReference; lastKnownFileType = text.plist.strings; name = en; path = HClient/en.lproj/Localizable.strings; sourceTree = "<group>"; };
		AC2D45771F1C9A8F00592918 /* en */ = {isa = PBXFileReference; lastKnownFileType = text.plist.strings; name = en; path = en.lproj/InfoPlist.strings; sourceTree = "<group>"; };
		AC2D45791F1C9AAF00592918 /* en */ = {isa = PBXFileReference; lastKnownFileType = text.plist.strings; name = en; path = HClient/en.lproj/Main.strings; sourceTree = "<group>"; };
		AC2D457A1F1C9D4200592918 /* AppDelegate.swift */ = {isa = PBXFileReference; fileEncoding = 4; lastKnownFileType = sourcecode.swift; path = AppDelegate.swift; sourceTree = "<group>"; };
		AC2D457C1F1CA52A00592918 /* Strings.swift */ = {isa = PBXFileReference; fileEncoding = 4; lastKnownFileType = sourcecode.swift; path = Strings.swift; sourceTree = "<group>"; };
		AC2D457E1F1CB00700592918 /* Viewer.swift */ = {isa = PBXFileReference; fileEncoding = 4; lastKnownFileType = sourcecode.swift; path = Viewer.swift; sourceTree = "<group>"; };
		AC2D45801F1CBA4700592918 /* InfoDetail.swift */ = {isa = PBXFileReference; fileEncoding = 4; lastKnownFileType = sourcecode.swift; path = InfoDetail.swift; sourceTree = "<group>"; };
		AC2D45841F1CED0B00592918 /* SearchView.swift */ = {isa = PBXFileReference; fileEncoding = 4; lastKnownFileType = sourcecode.swift; path = SearchView.swift; sourceTree = "<group>"; };
		AC2D45861F1DCCD400592918 /* SearchList.swift */ = {isa = PBXFileReference; fileEncoding = 4; lastKnownFileType = sourcecode.swift; path = SearchList.swift; sourceTree = "<group>"; };
		AC2D45881F1E004000592918 /* mainMenu.swift */ = {isa = PBXFileReference; fileEncoding = 4; lastKnownFileType = sourcecode.swift; path = mainMenu.swift; sourceTree = "<group>"; };
		AC2D458A1F1E03CE00592918 /* FavoritesView.swift */ = {isa = PBXFileReference; fileEncoding = 4; lastKnownFileType = sourcecode.swift; path = FavoritesView.swift; sourceTree = "<group>"; };
		AC2D458C1F1FB05B00592918 /* Launch Screen.storyboard */ = {isa = PBXFileReference; fileEncoding = 4; lastKnownFileType = file.storyboard; path = "Launch Screen.storyboard"; sourceTree = "<group>"; };
		AC42DF601EEBA2C300C5F72B /* HClient.app */ = {isa = PBXFileReference; explicitFileType = wrapper.application; includeInIndex = 0; path = HClient.app; sourceTree = BUILT_PRODUCTS_DIR; };
		AC47EF2F1F24DE9400A19F3D /* Base */ = {isa = PBXFileReference; lastKnownFileType = text.plist.xml; name = Base; path = Base.lproj/Language.plist; sourceTree = "<group>"; };
		AC47EF311F24DE9800A19F3D /* en */ = {isa = PBXFileReference; lastKnownFileType = text.plist.xml; name = en; path = en.lproj/Language.plist; sourceTree = "<group>"; };
		AC47EF321F24DE9A00A19F3D /* ko */ = {isa = PBXFileReference; lastKnownFileType = text.plist.xml; name = ko; path = ko.lproj/Language.plist; sourceTree = "<group>"; };
		AC47EF331F24DE9B00A19F3D /* ja */ = {isa = PBXFileReference; lastKnownFileType = text.plist.xml; name = ja; path = ja.lproj/Language.plist; sourceTree = "<group>"; };
		AC47EF351F24DE9F00A19F3D /* zh-Hant */ = {isa = PBXFileReference; lastKnownFileType = text.plist.xml; name = "zh-Hant"; path = "zh-Hant.lproj/Language.plist"; sourceTree = "<group>"; };
		AC47EF361F24E72400A19F3D /* zh-Hans */ = {isa = PBXFileReference; lastKnownFileType = text.plist.xml; name = "zh-Hans"; path = "zh-Hans.lproj/Language.plist"; sourceTree = "<group>"; };
		AC4BC1271EFD90AC006B66DB /* ja */ = {isa = PBXFileReference; lastKnownFileType = text.plist.strings; name = ja; path = HClient/ja.lproj/Localizable.strings; sourceTree = "<group>"; };
		AC4BC1281EFD950D006B66DB /* zh-Hans */ = {isa = PBXFileReference; lastKnownFileType = text.plist.strings; name = "zh-Hans"; path = "HClient/zh-Hans.lproj/Main.strings"; sourceTree = "<group>"; };
		AC4BC12A1EFD950E006B66DB /* zh-Hans */ = {isa = PBXFileReference; lastKnownFileType = text.plist.strings; name = "zh-Hans"; path = "HClient/zh-Hans.lproj/Localizable.strings"; sourceTree = "<group>"; };
		AC4BC12B1EFD9513006B66DB /* zh-Hant */ = {isa = PBXFileReference; lastKnownFileType = text.plist.strings; name = "zh-Hant"; path = "HClient/zh-Hant.lproj/Main.strings"; sourceTree = "<group>"; };
		AC4BC12D1EFD9514006B66DB /* zh-Hant */ = {isa = PBXFileReference; lastKnownFileType = text.plist.strings; name = "zh-Hant"; path = "HClient/zh-Hant.lproj/Localizable.strings"; sourceTree = "<group>"; };
		AC7D48061F0E915600A65BDB /* Info.plist */ = {isa = PBXFileReference; lastKnownFileType = text.plist; path = Info.plist; sourceTree = "<group>"; };
		ACA8308D1EEEE5D8000393EF /* Base */ = {isa = PBXFileReference; lastKnownFileType = file.storyboard; name = Base; path = HClient/Base.lproj/Main.storyboard; sourceTree = "<group>"; };
		ACA830931EEEE5E7000393EF /* ko */ = {isa = PBXFileReference; lastKnownFileType = text.plist.strings; name = ko; path = HClient/ko.lproj/Localizable.strings; sourceTree = "<group>"; };
		ACEB55FA1F125E6600B46142 /* zh-Hans */ = {isa = PBXFileReference; lastKnownFileType = text.plist.strings; name = "zh-Hans"; path = "zh-Hans.lproj/InfoPlist.strings"; sourceTree = "<group>"; };
		ACEB55FC1F125E6B00B46142 /* zh-Hant */ = {isa = PBXFileReference; lastKnownFileType = text.plist.strings; name = "zh-Hant"; path = "zh-Hant.lproj/InfoPlist.strings"; sourceTree = "<group>"; };
		ACEB55FD1F125E6E00B46142 /* ja */ = {isa = PBXFileReference; lastKnownFileType = text.plist.strings; name = ja; path = ja.lproj/InfoPlist.strings; sourceTree = "<group>"; };
		ACEB55FE1F125E6F00B46142 /* ko */ = {isa = PBXFileReference; lastKnownFileType = text.plist.strings; name = ko; path = ko.lproj/InfoPlist.strings; sourceTree = "<group>"; };
		ACF507341EF1A0AA00D2608F /* Image.xcassets */ = {isa = PBXFileReference; lastKnownFileType = folder.assetcatalog; path = Image.xcassets; sourceTree = "<group>"; };
/* End PBXFileReference section */

/* Begin PBXFrameworksBuildPhase section */
		AC42DF5D1EEBA2C300C5F72B /* Frameworks */ = {
			isa = PBXFrameworksBuildPhase;
			buildActionMask = 2147483647;
			files = (
			);
			runOnlyForDeploymentPostprocessing = 0;
		};
/* End PBXFrameworksBuildPhase section */

/* Begin PBXGroup section */
		AC42DF571EEBA2C300C5F72B = {
			isa = PBXGroup;
			children = (
				AC42DF621EEBA2C300C5F72B /* HClient */,
				AC42DF611EEBA2C300C5F72B /* Products */,
			);
			sourceTree = "<group>";
			usesTabs = 0;
		};
		AC42DF611EEBA2C300C5F72B /* Products */ = {
			isa = PBXGroup;
			children = (
				AC42DF601EEBA2C300C5F72B /* HClient.app */,
			);
			name = Products;
			sourceTree = "<group>";
		};
		AC42DF621EEBA2C300C5F72B /* HClient */ = {
			isa = PBXGroup;
			children = (
				ACA8308C1EEEE5D8000393EF /* Main.storyboard */,
				AC2D458C1F1FB05B00592918 /* Launch Screen.storyboard */,
				ACA830921EEEE5E7000393EF /* Localizable.strings */,
				ACEB55FB1F125E6600B46142 /* InfoPlist.strings */,
				AC2D457A1F1C9D4200592918 /* AppDelegate.swift */,
				AC2D45861F1DCCD400592918 /* SearchList.swift */,
				AC2D458A1F1E03CE00592918 /* FavoritesView.swift */,
				AC2D45841F1CED0B00592918 /* SearchView.swift */,
				AC2D457E1F1CB00700592918 /* Viewer.swift */,
				AC2D45801F1CBA4700592918 /* InfoDetail.swift */,
				AC2D45881F1E004000592918 /* mainMenu.swift */,
				AC2D457C1F1CA52A00592918 /* Strings.swift */,
				ACF507341EF1A0AA00D2608F /* Image.xcassets */,
				AC7D48061F0E915600A65BDB /* Info.plist */,
				AC47EF301F24DE9400A19F3D /* Language.plist */,
			);
			path = HClient;
			sourceTree = "<group>";
		};
/* End PBXGroup section */

/* Begin PBXNativeTarget section */
		AC42DF5F1EEBA2C300C5F72B /* HClient */ = {
			isa = PBXNativeTarget;
			buildConfigurationList = AC42DF761EEBA2C400C5F72B /* Build configuration list for PBXNativeTarget "HClient" */;
			buildPhases = (
				AC42DF5C1EEBA2C300C5F72B /* Sources */,
				AC42DF5D1EEBA2C300C5F72B /* Frameworks */,
				AC42DF5E1EEBA2C300C5F72B /* Resources */,
			);
			buildRules = (
			);
			dependencies = (
			);
			name = HClient;
			productName = HClient;
			productReference = AC42DF601EEBA2C300C5F72B /* HClient.app */;
			productType = "com.apple.product-type.application";
		};
/* End PBXNativeTarget section */

/* Begin PBXProject section */
		AC42DF581EEBA2C300C5F72B /* Project object */ = {
			isa = PBXProject;
			attributes = {
				LastUpgradeCheck = 0900;
				ORGANIZATIONNAME = "mario-kang";
				TargetAttributes = {
					AC42DF5F1EEBA2C300C5F72B = {
						CreatedOnToolsVersion = 9.0;
						LastSwiftMigration = 0830;
					};
				};
			};
			buildConfigurationList = AC42DF5B1EEBA2C300C5F72B /* Build configuration list for PBXProject "HClient" */;
			compatibilityVersion = "Xcode 8.0";
			developmentRegion = en;
			hasScannedForEncodings = 0;
			knownRegions = (
				en,
				Base,
				ko,
				ja,
				"zh-Hans",
				"zh-Hant",
			);
			mainGroup = AC42DF571EEBA2C300C5F72B;
			productRefGroup = AC42DF611EEBA2C300C5F72B /* Products */;
			projectDirPath = "";
			projectRoot = "";
			targets = (
				AC42DF5F1EEBA2C300C5F72B /* HClient */,
			);
		};
/* End PBXProject section */

/* Begin PBXResourcesBuildPhase section */
		AC42DF5E1EEBA2C300C5F72B /* Resources */ = {
			isa = PBXResourcesBuildPhase;
			buildActionMask = 2147483647;
			files = (
				ACA830971EEEE5E7000393EF /* Localizable.strings in Resources */,
				AC47EF2E1F24DE9400A19F3D /* Language.plist in Resources */,
				ACA8308F1EEEE5D8000393EF /* Main.storyboard in Resources */,
				AC2D458D1F1FB05B00592918 /* Launch Screen.storyboard in Resources */,
				ACF507351EF1A0AA00D2608F /* Image.xcassets in Resources */,
			);
			runOnlyForDeploymentPostprocessing = 0;
		};
/* End PBXResourcesBuildPhase section */

/* Begin PBXSourcesBuildPhase section */
		AC42DF5C1EEBA2C300C5F72B /* Sources */ = {
			isa = PBXSourcesBuildPhase;
			buildActionMask = 2147483647;
			files = (
				AC2D45891F1E004000592918 /* mainMenu.swift in Sources */,
				AC2D457F1F1CB00700592918 /* Viewer.swift in Sources */,
				AC2D45851F1CED0B00592918 /* SearchView.swift in Sources */,
				AC2D45871F1DCCD400592918 /* SearchList.swift in Sources */,
				AC2D457D1F1CA52A00592918 /* Strings.swift in Sources */,
				AC2D45811F1CBA4700592918 /* InfoDetail.swift in Sources */,
				AC2D457B1F1C9D4200592918 /* AppDelegate.swift in Sources */,
				AC2D458B1F1E03CE00592918 /* FavoritesView.swift in Sources */,
			);
			runOnlyForDeploymentPostprocessing = 0;
		};
/* End PBXSourcesBuildPhase section */

/* Begin PBXVariantGroup section */
		AC47EF301F24DE9400A19F3D /* Language.plist */ = {
			isa = PBXVariantGroup;
			children = (
				AC47EF2F1F24DE9400A19F3D /* Base */,
				AC47EF311F24DE9800A19F3D /* en */,
				AC47EF321F24DE9A00A19F3D /* ko */,
				AC47EF331F24DE9B00A19F3D /* ja */,
				AC47EF351F24DE9F00A19F3D /* zh-Hant */,
				AC47EF361F24E72400A19F3D /* zh-Hans */,
			);
			name = Language.plist;
			sourceTree = "<group>";
		};
		ACA8308C1EEEE5D8000393EF /* Main.storyboard */ = {
			isa = PBXVariantGroup;
			children = (
				ACA8308D1EEEE5D8000393EF /* Base */,
				AC4BC1281EFD950D006B66DB /* zh-Hans */,
				AC4BC12B1EFD9513006B66DB /* zh-Hant */,
				AC19FBF11F127409006A42BC /* ja */,
				AC19FBF41F12743D006A42BC /* ko */,
				AC2D45791F1C9AAF00592918 /* en */,
			);
			name = Main.storyboard;
			path = ..;
			sourceTree = "<group>";
		};
		ACA830921EEEE5E7000393EF /* Localizable.strings */ = {
			isa = PBXVariantGroup;
			children = (
				ACA830931EEEE5E7000393EF /* ko */,
				AC4BC1271EFD90AC006B66DB /* ja */,
				AC4BC12A1EFD950E006B66DB /* zh-Hans */,
				AC4BC12D1EFD9514006B66DB /* zh-Hant */,
				AC2D45761F1C9A8800592918 /* en */,
			);
			name = Localizable.strings;
			path = ..;
			sourceTree = "<group>";
		};
		ACEB55FB1F125E6600B46142 /* InfoPlist.strings */ = {
			isa = PBXVariantGroup;
			children = (
				ACEB55FA1F125E6600B46142 /* zh-Hans */,
				ACEB55FC1F125E6B00B46142 /* zh-Hant */,
				ACEB55FD1F125E6E00B46142 /* ja */,
				ACEB55FE1F125E6F00B46142 /* ko */,
				AC2D45771F1C9A8F00592918 /* en */,
			);
			name = InfoPlist.strings;
			sourceTree = "<group>";
		};
/* End PBXVariantGroup section */

/* Begin XCBuildConfiguration section */
		AC42DF741EEBA2C400C5F72B /* Debug */ = {
			isa = XCBuildConfiguration;
			buildSettings = {
				ALWAYS_SEARCH_USER_PATHS = NO;
				CLANG_ANALYZER_LOCALIZABILITY_NONLOCALIZED = YES;
				CLANG_ANALYZER_NONNULL = YES;
				CLANG_ANALYZER_NUMBER_OBJECT_CONVERSION = YES_AGGRESSIVE;
				CLANG_CXX_LANGUAGE_STANDARD = "gnu++14";
				CLANG_CXX_LIBRARY = "libc++";
				CLANG_ENABLE_MODULES = YES;
				CLANG_ENABLE_OBJC_ARC = YES;
				CLANG_WARN_BLOCK_CAPTURE_AUTORELEASING = YES;
				CLANG_WARN_BOOL_CONVERSION = YES;
				CLANG_WARN_COMMA = YES;
				CLANG_WARN_CONSTANT_CONVERSION = YES;
				CLANG_WARN_DIRECT_OBJC_ISA_USAGE = YES_ERROR;
				CLANG_WARN_DOCUMENTATION_COMMENTS = YES;
				CLANG_WARN_EMPTY_BODY = YES;
				CLANG_WARN_ENUM_CONVERSION = YES;
				CLANG_WARN_INFINITE_RECURSION = YES;
				CLANG_WARN_INT_CONVERSION = YES;
				CLANG_WARN_NON_LITERAL_NULL_CONVERSION = YES;
				CLANG_WARN_OBJC_LITERAL_CONVERSION = YES;
				CLANG_WARN_OBJC_ROOT_CLASS = YES_ERROR;
				CLANG_WARN_RANGE_LOOP_ANALYSIS = YES;
				CLANG_WARN_STRICT_PROTOTYPES = YES;
				CLANG_WARN_SUSPICIOUS_MOVE = YES;
				CLANG_WARN_UNGUARDED_AVAILABILITY = YES_AGGRESSIVE;
				CLANG_WARN_UNREACHABLE_CODE = YES;
				CLANG_WARN__DUPLICATE_METHOD_MATCH = YES;
				CODE_SIGN_IDENTITY = "iPhone Developer";
				COPY_PHASE_STRIP = NO;
				DEBUG_INFORMATION_FORMAT = dwarf;
				ENABLE_STRICT_OBJC_MSGSEND = YES;
				ENABLE_TESTABILITY = YES;
				GCC_C_LANGUAGE_STANDARD = gnu11;
				GCC_DYNAMIC_NO_PIC = NO;
				GCC_NO_COMMON_BLOCKS = YES;
				GCC_OPTIMIZATION_LEVEL = 0;
				GCC_PREPROCESSOR_DEFINITIONS = (
					"DEBUG=1",
					"$(inherited)",
				);
				GCC_WARN_64_TO_32_BIT_CONVERSION = YES;
				GCC_WARN_ABOUT_RETURN_TYPE = YES_ERROR;
				GCC_WARN_UNDECLARED_SELECTOR = YES;
				GCC_WARN_UNINITIALIZED_AUTOS = YES_AGGRESSIVE;
				GCC_WARN_UNUSED_FUNCTION = YES;
				GCC_WARN_UNUSED_VARIABLE = YES;
				IPHONEOS_DEPLOYMENT_TARGET = 9.0;
				MTL_ENABLE_DEBUG_INFO = YES;
				ONLY_ACTIVE_ARCH = YES;
				SDKROOT = iphoneos;
			};
			name = Debug;
		};
		AC42DF751EEBA2C400C5F72B /* Release */ = {
			isa = XCBuildConfiguration;
			buildSettings = {
				ALWAYS_SEARCH_USER_PATHS = NO;
				CLANG_ANALYZER_LOCALIZABILITY_NONLOCALIZED = YES;
				CLANG_ANALYZER_NONNULL = YES;
				CLANG_ANALYZER_NUMBER_OBJECT_CONVERSION = YES_AGGRESSIVE;
				CLANG_CXX_LANGUAGE_STANDARD = "gnu++14";
				CLANG_CXX_LIBRARY = "libc++";
				CLANG_ENABLE_MODULES = YES;
				CLANG_ENABLE_OBJC_ARC = YES;
				CLANG_WARN_BLOCK_CAPTURE_AUTORELEASING = YES;
				CLANG_WARN_BOOL_CONVERSION = YES;
				CLANG_WARN_COMMA = YES;
				CLANG_WARN_CONSTANT_CONVERSION = YES;
				CLANG_WARN_DIRECT_OBJC_ISA_USAGE = YES_ERROR;
				CLANG_WARN_DOCUMENTATION_COMMENTS = YES;
				CLANG_WARN_EMPTY_BODY = YES;
				CLANG_WARN_ENUM_CONVERSION = YES;
				CLANG_WARN_INFINITE_RECURSION = YES;
				CLANG_WARN_INT_CONVERSION = YES;
				CLANG_WARN_NON_LITERAL_NULL_CONVERSION = YES;
				CLANG_WARN_OBJC_LITERAL_CONVERSION = YES;
				CLANG_WARN_OBJC_ROOT_CLASS = YES_ERROR;
				CLANG_WARN_RANGE_LOOP_ANALYSIS = YES;
				CLANG_WARN_STRICT_PROTOTYPES = YES;
				CLANG_WARN_SUSPICIOUS_MOVE = YES;
				CLANG_WARN_UNGUARDED_AVAILABILITY = YES_AGGRESSIVE;
				CLANG_WARN_UNREACHABLE_CODE = YES;
				CLANG_WARN__DUPLICATE_METHOD_MATCH = YES;
				CODE_SIGN_IDENTITY = "iPhone Developer";
				COPY_PHASE_STRIP = NO;
				DEBUG_INFORMATION_FORMAT = "dwarf-with-dsym";
				ENABLE_NS_ASSERTIONS = NO;
				ENABLE_STRICT_OBJC_MSGSEND = YES;
				GCC_C_LANGUAGE_STANDARD = gnu11;
				GCC_NO_COMMON_BLOCKS = YES;
				GCC_WARN_64_TO_32_BIT_CONVERSION = YES;
				GCC_WARN_ABOUT_RETURN_TYPE = YES_ERROR;
				GCC_WARN_UNDECLARED_SELECTOR = YES;
				GCC_WARN_UNINITIALIZED_AUTOS = YES_AGGRESSIVE;
				GCC_WARN_UNUSED_FUNCTION = YES;
				GCC_WARN_UNUSED_VARIABLE = YES;
				IPHONEOS_DEPLOYMENT_TARGET = 9.0;
				MTL_ENABLE_DEBUG_INFO = NO;
				SDKROOT = iphoneos;
				VALIDATE_PRODUCT = YES;
			};
			name = Release;
		};
		AC42DF771EEBA2C400C5F72B /* Debug */ = {
			isa = XCBuildConfiguration;
			buildSettings = {
				ASSETCATALOG_COMPILER_APPICON_NAME = AppIcon;
				CLANG_ENABLE_MODULES = YES;
				CODE_SIGN_IDENTITY = "iPhone Developer";
				DEFINES_MODULE = YES;
				DEVELOPMENT_TEAM = 2WD7AYYV3U;
				INFOPLIST_FILE = HClient/Info.plist;
				IPHONEOS_DEPLOYMENT_TARGET = 9.0;
				LD_RUNPATH_SEARCH_PATHS = "$(inherited) @executable_path/Frameworks";
				PRODUCT_BUNDLE_IDENTIFIER = "io.github.mario-kang.HClient";
				PRODUCT_NAME = "$(TARGET_NAME)";
				SWIFT_INSTALL_OBJC_HEADER = NO;
				SWIFT_OPTIMIZATION_LEVEL = "-Onone";
				SWIFT_VERSION = 3.0;
				TARGETED_DEVICE_FAMILY = "1,2";
			};
			name = Debug;
		};
		AC42DF781EEBA2C400C5F72B /* Release */ = {
			isa = XCBuildConfiguration;
			buildSettings = {
				ASSETCATALOG_COMPILER_APPICON_NAME = AppIcon;
				CLANG_ENABLE_MODULES = YES;
				CODE_SIGN_IDENTITY = "iPhone Developer";
				DEFINES_MODULE = YES;
				DEVELOPMENT_TEAM = 2WD7AYYV3U;
				INFOPLIST_FILE = HClient/Info.plist;
				IPHONEOS_DEPLOYMENT_TARGET = 9.0;
				LD_RUNPATH_SEARCH_PATHS = "$(inherited) @executable_path/Frameworks";
				PRODUCT_BUNDLE_IDENTIFIER = "io.github.mario-kang.HClient";
				PRODUCT_NAME = "$(TARGET_NAME)";
				SWIFT_INSTALL_OBJC_HEADER = NO;
				SWIFT_OPTIMIZATION_LEVEL = "-Onone";
				SWIFT_VERSION = 3.0;
				TARGETED_DEVICE_FAMILY = "1,2";
			};
			name = Release;
		};
/* End XCBuildConfiguration section */

/* Begin XCConfigurationList section */
		AC42DF5B1EEBA2C300C5F72B /* Build configuration list for PBXProject "HClient" */ = {
			isa = XCConfigurationList;
			buildConfigurations = (
				AC42DF741EEBA2C400C5F72B /* Debug */,
				AC42DF751EEBA2C400C5F72B /* Release */,
			);
			defaultConfigurationIsVisible = 0;
			defaultConfigurationName = Release;
		};
		AC42DF761EEBA2C400C5F72B /* Build configuration list for PBXNativeTarget "HClient" */ = {
			isa = XCConfigurationList;
			buildConfigurations = (
				AC42DF771EEBA2C400C5F72B /* Debug */,
				AC42DF781EEBA2C400C5F72B /* Release */,
			);
			defaultConfigurationIsVisible = 0;
			defaultConfigurationName = Release;
		};
/* End XCConfigurationList section */
	};
	rootObject = AC42DF581EEBA2C300C5F72B /* Project object */;
}
